
Microsoft Visual Studio Solution File, Format Version 12.00
# Visual Studio Version 17
VisualStudioVersion = 17.7.34031.279
MinimumVisualStudioVersion = 10.0.40219.1
Project("{FAE04EC0-301F-11D3-BF4B-00C04F79EFBC}") = "Wealth Wizard", "Wealth Wizard\Wealth Wizard.csproj", "{D525FC4A-67F2-438A-8667-57EEF98718EF}"
EndProject
Global
	GlobalSection(SolutionConfigurationPlatforms) = preSolution
		Debug|Any CPU = Debug|Any CPU
		Release|Any CPU = Release|Any CPU
	EndGlobalSection
	GlobalSection(ProjectConfigurationPlatforms) = postSolution
		{D525FC4A-67F2-438A-8667-57EEF98718EF}.Debug|Any CPU.ActiveCfg = Debug|Any CPU
		{D525FC4A-67F2-438A-8667-57EEF98718EF}.Debug|Any CPU.Build.0 = Debug|Any CPU
		{D525FC4A-67F2-438A-8667-57EEF98718EF}.Release|Any CPU.ActiveCfg = Release|Any CPU
		{D525FC4A-67F2-438A-8667-57EEF98718EF}.Release|Any CPU.Build.0 = Release|Any CPU
	EndGlobalSection
	GlobalSection(SolutionProperties) = preSolution
		HideSolutionNode = FALSE
	EndGlobalSection
	GlobalSection(ExtensibilityGlobals) = postSolution
		SolutionGuid = {8CA25E63-D307-4C34-BC64-D9BCA1F84EEA}
	EndGlobalSection
EndGlobal
